PODS:
  - Flutter (1.0.0)
  - nativeweb_plugin (0.0.1):
    - Flutter

DEPENDENCIES:
  - Flutter (from `.symlinks/flutter/ios`)
  - nativeweb_plugin (from `.symlinks/plugins/nativeweb_plugin/ios`)

EXTERNAL SOURCES:
  Flutter:
    :path: ".symlinks/flutter/ios"
  nativeweb_plugin:
    :path: ".symlinks/plugins/nativeweb_plugin/ios"

SPEC CHECKSUMS:
  Flutter: 9d0fac939486c9aba2809b7982dfdbb47a7b0296
  nativeweb_plugin: a142d7166effbfa25959646d0950209e85ad1c26

PODFILE CHECKSUM: aff02bfeed411c636180d6812254b2daeea14d09

COCOAPODS: 1.5.3
