PODS:
  - Flutter (1.0.0)
  - nativeweb_plugin (0.0.1):
    - Flutter

DEPENDENCIES:
  - Flutter (from `.symlinks/flutter/ios`)
  - nativeweb_plugin (from `.symlinks/plugins/nativeweb_plugin/ios`)

EXTERNAL SOURCES:
  Flutter:
    :path: ".symlinks/flutter/ios"
  nativeweb_plugin:
    :path: ".symlinks/plugins/nativeweb_plugin/ios"

SPEC CHECKSUMS:
  Flutter: 58dd7d1b27887414a370fcccb9e645c08ffd7a6a
  nativeweb_plugin: 64c382a92b477057764ca7f237cbe60754d516fd

PODFILE CHECKSUM: aff02bfeed411c636180d6812254b2daeea14d09

COCOAPODS: 1.7.0.beta.3
