PODS:
  - Flutter (1.0.0)
  - nativeweb_plugin (0.0.1):
    - Flutter
    - RevanFunction/RevanQRCode
  - RevanFunction/RevanQRCode (0.1.6):
    - RevanKits/Category
  - RevanKits/Category (2.1.0)

DEPENDENCIES:
  - Flutter (from `.symlinks/flutter/ios`)
  - nativeweb_plugin (from `.symlinks/plugins/nativeweb_plugin/ios`)

SPEC REPOS:
  https://github.com/cocoapods/specs.git:
    - RevanFunction
    - RevanKits

EXTERNAL SOURCES:
  Flutter:
    :path: ".symlinks/flutter/ios"
  nativeweb_plugin:
    :path: ".symlinks/plugins/nativeweb_plugin/ios"

SPEC CHECKSUMS:
  Flutter: 58dd7d1b27887414a370fcccb9e645c08ffd7a6a
  nativeweb_plugin: 5af9c4ab6c260bb34eec7f6a63f39d6c147ab8c6
  RevanFunction: 5a548518d79dd5beda2f017823f861e4f9a672a6
  RevanKits: 8b2ebb36c7db12a488517d0d5671343a44ddbb00

PODFILE CHECKSUM: aff02bfeed411c636180d6812254b2daeea14d09

COCOAPODS: 1.7.1
